
Microsoft Visual Studio Solution File, Format Version 12.00
# Visual Studio Version 17
VisualStudioVersion = 17.8.34525.116
MinimumVisualStudioVersion = 10.0.40219.1
Project("{9A19103F-16F7-4668-BE54-9A1E7A4F7556}") = "WebApi", "WebApi\WebApi.csproj", "{7B042CE5-2655-4E86-9219-4531038B314C}"
EndProject
Project("{9A19103F-16F7-4668-BE54-9A1E7A4F7556}") = "Basses.SimpleEventStore", "EventSourcing\Basses.SimpleEventStore.csproj", "{C073707F-7EAD-457C-AD3D-4B340B4ACFE0}"
EndProject
Project("{9A19103F-16F7-4668-BE54-9A1E7A4F7556}") = "EventSourcing.Test", "EventSourcing.Test\EventSourcing.Test.csproj", "{433B329B-6468-43B7-A39B-16C75A19470B}"
EndProject
Project("{FAE04EC0-301F-11D3-BF4B-00C04F79EFBC}") = "Basses.SimpleEventStore.PostgreSql", "Basses.SimpleEventStore.PostgreSql\Basses.SimpleEventStore.PostgreSql.csproj", "{1F35D5D7-B86E-42CB-B858-CA98ACB64539}"
EndProject
Project("{FAE04EC0-301F-11D3-BF4B-00C04F79EFBC}") = "UnderstandingEventsourcingExample", "UnderstandingEventsourcingExample\UnderstandingEventsourcingExample.csproj", "{54D08839-869E-461A-B9D4-FBEEDEB6B49A}"
EndProject
Project("{FAE04EC0-301F-11D3-BF4B-00C04F79EFBC}") = "UnderstandingEventsourcingExample.Tests", "UnderstandingEventsourcingExample.Tests\UnderstandingEventsourcingExample.Tests.csproj", "{45B68CFC-9EE7-4C6F-B664-38CC18B47AE5}"
EndProject
Project("{FAE04EC0-301F-11D3-BF4B-00C04F79EFBC}") = "Basses.SimpleMessageBus", "Basses.SimpleMessageBus\Basses.SimpleMessageBus.csproj", "{AA7C71D4-8233-49D1-A438-38F16DBDC2BE}"
EndProject
Global
	GlobalSection(SolutionConfigurationPlatforms) = preSolution
		Debug|Any CPU = Debug|Any CPU
		Release|Any CPU = Release|Any CPU
	EndGlobalSection
	GlobalSection(ProjectConfigurationPlatforms) = postSolution
		{7B042CE5-2655-4E86-9219-4531038B314C}.Debug|Any CPU.ActiveCfg = Debug|Any CPU
		{7B042CE5-2655-4E86-9219-4531038B314C}.Debug|Any CPU.Build.0 = Debug|Any CPU
		{7B042CE5-2655-4E86-9219-4531038B314C}.Release|Any CPU.ActiveCfg = Release|Any CPU
		{7B042CE5-2655-4E86-9219-4531038B314C}.Release|Any CPU.Build.0 = Release|Any CPU
		{C073707F-7EAD-457C-AD3D-4B340B4ACFE0}.Debug|Any CPU.ActiveCfg = Debug|Any CPU
		{C073707F-7EAD-457C-AD3D-4B340B4ACFE0}.Debug|Any CPU.Build.0 = Debug|Any CPU
		{C073707F-7EAD-457C-AD3D-4B340B4ACFE0}.Release|Any CPU.ActiveCfg = Release|Any CPU
		{C073707F-7EAD-457C-AD3D-4B340B4ACFE0}.Release|Any CPU.Build.0 = Release|Any CPU
		{433B329B-6468-43B7-A39B-16C75A19470B}.Debug|Any CPU.ActiveCfg = Debug|Any CPU
		{433B329B-6468-43B7-A39B-16C75A19470B}.Debug|Any CPU.Build.0 = Debug|Any CPU
		{433B329B-6468-43B7-A39B-16C75A19470B}.Release|Any CPU.ActiveCfg = Release|Any CPU
		{433B329B-6468-43B7-A39B-16C75A19470B}.Release|Any CPU.Build.0 = Release|Any CPU
		{1F35D5D7-B86E-42CB-B858-CA98ACB64539}.Debug|Any CPU.ActiveCfg = Debug|Any CPU
		{1F35D5D7-B86E-42CB-B858-CA98ACB64539}.Debug|Any CPU.Build.0 = Debug|Any CPU
		{1F35D5D7-B86E-42CB-B858-CA98ACB64539}.Release|Any CPU.ActiveCfg = Release|Any CPU
		{1F35D5D7-B86E-42CB-B858-CA98ACB64539}.Release|Any CPU.Build.0 = Release|Any CPU
		{54D08839-869E-461A-B9D4-FBEEDEB6B49A}.Debug|Any CPU.ActiveCfg = Debug|Any CPU
		{54D08839-869E-461A-B9D4-FBEEDEB6B49A}.Debug|Any CPU.Build.0 = Debug|Any CPU
		{54D08839-869E-461A-B9D4-FBEEDEB6B49A}.Release|Any CPU.ActiveCfg = Release|Any CPU
		{54D08839-869E-461A-B9D4-FBEEDEB6B49A}.Release|Any CPU.Build.0 = Release|Any CPU
		{45B68CFC-9EE7-4C6F-B664-38CC18B47AE5}.Debug|Any CPU.ActiveCfg = Debug|Any CPU
		{45B68CFC-9EE7-4C6F-B664-38CC18B47AE5}.Debug|Any CPU.Build.0 = Debug|Any CPU
		{45B68CFC-9EE7-4C6F-B664-38CC18B47AE5}.Release|Any CPU.ActiveCfg = Release|Any CPU
		{45B68CFC-9EE7-4C6F-B664-38CC18B47AE5}.Release|Any CPU.Build.0 = Release|Any CPU
		{AA7C71D4-8233-49D1-A438-38F16DBDC2BE}.Debug|Any CPU.ActiveCfg = Debug|Any CPU
		{AA7C71D4-8233-49D1-A438-38F16DBDC2BE}.Debug|Any CPU.Build.0 = Debug|Any CPU
		{AA7C71D4-8233-49D1-A438-38F16DBDC2BE}.Release|Any CPU.ActiveCfg = Release|Any CPU
		{AA7C71D4-8233-49D1-A438-38F16DBDC2BE}.Release|Any CPU.Build.0 = Release|Any CPU
	EndGlobalSection
	GlobalSection(SolutionProperties) = preSolution
		HideSolutionNode = FALSE
	EndGlobalSection
	GlobalSection(ExtensibilityGlobals) = postSolution
		SolutionGuid = {1CB19755-D56F-4324-A096-03700104A168}
	EndGlobalSection
EndGlobal
